
Microsoft Visual Studio Solution File, Format Version 12.00
# Visual Studio 15
Project("{FAE04EC0-301F-11D3-BF4B-00C04F79EFBC}") = "VRMShaders.VRM10.MToon10.Runtime", "VRMShaders.VRM10.MToon10.Runtime.csproj", "{7DB25525-EAB3-7D03-BC82-C0893AB18F68}"
EndProject
Project("{FAE04EC0-301F-11D3-BF4B-00C04F79EFBC}") = "UniHumanoid", "UniHumanoid.csproj", "{8D888B2B-760C-8882-1EA9-221001D7E776}"
EndProject
Project("{FAE04EC0-301F-11D3-BF4B-00C04F79EFBC}") = "VRMShaders.GLTF.IO.Runtime", "VRMShaders.GLTF.IO.Runtime.csproj", "{B5A8EEE1-58A0-7622-49F4-FF1959D4FC4A}"
EndProject
Project("{FAE04EC0-301F-11D3-BF4B-00C04F79EFBC}") = "UniGLTF", "UniGLTF.csproj", "{13CD4890-6908-9F17-2EC4-8A29EA455408}"
EndProject
Project("{FAE04EC0-301F-11D3-BF4B-00C04F79EFBC}") = "VRM", "VRM.csproj", "{CF4DEBCD-D5ED-55AD-65BA-883DEC0936C3}"
EndProject
Project("{FAE04EC0-301F-11D3-BF4B-00C04F79EFBC}") = "Assembly-CSharp", "Assembly-CSharp.csproj", "{10A4AFBA-381F-4C58-9A2B-49BEAFB330FE}"
EndProject
Project("{FAE04EC0-301F-11D3-BF4B-00C04F79EFBC}") = "FastSpringBone", "FastSpringBone.csproj", "{98884C5B-E662-775F-09F1-B7665EE93DE7}"
EndProject
Project("{FAE04EC0-301F-11D3-BF4B-00C04F79EFBC}") = "VRMShaders.GLTF.UniUnlit.Editor", "VRMShaders.GLTF.UniUnlit.Editor.csproj", "{885EBC12-5BE8-F831-42F5-547F5071F921}"
EndProject
Project("{FAE04EC0-301F-11D3-BF4B-00C04F79EFBC}") = "UniGLTF.Tests", "UniGLTF.Tests.csproj", "{62764691-9A79-1D94-15B3-152721AD2479}"
EndProject
Project("{FAE04EC0-301F-11D3-BF4B-00C04F79EFBC}") = "UniGLTF.Editor", "UniGLTF.Editor.csproj", "{72312595-5D58-9CCB-0E36-337B070C2F51}"
EndProject
Project("{FAE04EC0-301F-11D3-BF4B-00C04F79EFBC}") = "VRMShaders.GLTF.IO.Editor", "VRMShaders.GLTF.IO.Editor.csproj", "{55FA10DA-01EA-BA5D-2845-BE5268BDD8DE}"
EndProject
Project("{FAE04EC0-301F-11D3-BF4B-00C04F79EFBC}") = "UniVRM.Editor", "UniVRM.Editor.csproj", "{05B44E0A-02CC-FFFE-7F7F-4AB491A607C1}"
EndProject
Project("{FAE04EC0-301F-11D3-BF4B-00C04F79EFBC}") = "VRMShaders.GLTF.IO.Tests", "VRMShaders.GLTF.IO.Tests.csproj", "{61D0DE10-3C4E-D96B-1D7F-B381A8819318}"
EndProject
Project("{FAE04EC0-301F-11D3-BF4B-00C04F79EFBC}") = "VRM.Tests", "VRM.Tests.csproj", "{429E554E-BD60-FE4C-6437-165D8EA078D4}"
EndProject
Project("{FAE04EC0-301F-11D3-BF4B-00C04F79EFBC}") = "UniHumanoid.Editor", "UniHumanoid.Editor.csproj", "{1A9AF9F0-8DB4-B2BF-66C6-2800274A4342}"
EndProject
Project("{FAE04EC0-301F-11D3-BF4B-00C04F79EFBC}") = "MToon", "MToon.csproj", "{03EEFB49-22A6-CB7A-6815-66420CC91BF3}"
EndProject
Project("{FAE04EC0-301F-11D3-BF4B-00C04F79EFBC}") = "VRM.Samples.Editor.Tests", "VRM.Samples.Editor.Tests.csproj", "{FCE515F3-B0D9-096F-0008-E21A9A7739C1}"
EndProject
Project("{FAE04EC0-301F-11D3-BF4B-00C04F79EFBC}") = "MToon.Editor", "MToon.Editor.csproj", "{1A57AE73-9B7A-A973-60E4-78906EEE338D}"
EndProject
Project("{FAE04EC0-301F-11D3-BF4B-00C04F79EFBC}") = "VRMShaders.VRM10.MToon10.Editor", "VRMShaders.VRM10.MToon10.Editor.csproj", "{C80876FE-D09C-D616-DEEA-754DFCDCA55E}"
EndProject
Project("{FAE04EC0-301F-11D3-BF4B-00C04F79EFBC}") = "UniHumanoid.Editor.Tests", "UniHumanoid.Editor.Tests.csproj", "{88808E23-0300-3A36-E3A7-4098F8D061AF}"
EndProject
Project("{FAE04EC0-301F-11D3-BF4B-00C04F79EFBC}") = "UniGLTF.Utils", "UniGLTF.Utils.csproj", "{14C40138-A2D1-761A-59F4-6DB4E7C9BE0D}"
EndProject
Project("{FAE04EC0-301F-11D3-BF4B-00C04F79EFBC}") = "VRMShaders.VRM.IO.Runtime", "VRMShaders.VRM.IO.Runtime.csproj", "{48B8EB79-41B3-3F20-2FC9-720FCE7E88A8}"
EndProject
Project("{FAE04EC0-301F-11D3-BF4B-00C04F79EFBC}") = "VRMShaders.VRM10.Format.Runtime", "VRMShaders.VRM10.Format.Runtime.csproj", "{4F2A765C-D50B-1353-780F-097C3B0E8DF3}"
EndProject
Project("{FAE04EC0-301F-11D3-BF4B-00C04F79EFBC}") = "VRMShaders.VRM10.MToon10.Tests", "VRMShaders.VRM10.MToon10.Tests.csproj", "{9D2CFC9B-FB66-66E2-9983-92B8502FF68E}"
EndProject
Project("{FAE04EC0-301F-11D3-BF4B-00C04F79EFBC}") = "VRMShaders.GLTF.UniUnlit.Runtime", "VRMShaders.GLTF.UniUnlit.Runtime.csproj", "{B909C73F-B8A9-551F-E6ED-C59A36F2B321}"
EndProject
Global
	GlobalSection(SolutionConfigurationPlatforms) = preSolution
		Debug|Any CPU = Debug|Any CPU
		Release|Any CPU = Release|Any CPU
	EndGlobalSection
	GlobalSection(ProjectConfigurationPlatforms) = postSolution
		{7DB25525-EAB3-7D03-BC82-C0893AB18F68}.Debug|Any CPU.ActiveCfg = Debug|Any CPU
		{7DB25525-EAB3-7D03-BC82-C0893AB18F68}.Debug|Any CPU.Build.0 = Debug|Any CPU
		{7DB25525-EAB3-7D03-BC82-C0893AB18F68}.Release|Any CPU.ActiveCfg = Release|Any CPU
		{7DB25525-EAB3-7D03-BC82-C0893AB18F68}.Release|Any CPU.Build.0 = Release|Any CPU
		{8D888B2B-760C-8882-1EA9-221001D7E776}.Debug|Any CPU.ActiveCfg = Debug|Any CPU
		{8D888B2B-760C-8882-1EA9-221001D7E776}.Debug|Any CPU.Build.0 = Debug|Any CPU
		{8D888B2B-760C-8882-1EA9-221001D7E776}.Release|Any CPU.ActiveCfg = Release|Any CPU
		{8D888B2B-760C-8882-1EA9-221001D7E776}.Release|Any CPU.Build.0 = Release|Any CPU
		{B5A8EEE1-58A0-7622-49F4-FF1959D4FC4A}.Debug|Any CPU.ActiveCfg = Debug|Any CPU
		{B5A8EEE1-58A0-7622-49F4-FF1959D4FC4A}.Debug|Any CPU.Build.0 = Debug|Any CPU
		{B5A8EEE1-58A0-7622-49F4-FF1959D4FC4A}.Release|Any CPU.ActiveCfg = Release|Any CPU
		{B5A8EEE1-58A0-7622-49F4-FF1959D4FC4A}.Release|Any CPU.Build.0 = Release|Any CPU
		{13CD4890-6908-9F17-2EC4-8A29EA455408}.Debug|Any CPU.ActiveCfg = Debug|Any CPU
		{13CD4890-6908-9F17-2EC4-8A29EA455408}.Debug|Any CPU.Build.0 = Debug|Any CPU
		{13CD4890-6908-9F17-2EC4-8A29EA455408}.Release|Any CPU.ActiveCfg = Release|Any CPU
		{13CD4890-6908-9F17-2EC4-8A29EA455408}.Release|Any CPU.Build.0 = Release|Any CPU
		{CF4DEBCD-D5ED-55AD-65BA-883DEC0936C3}.Debug|Any CPU.ActiveCfg = Debug|Any CPU
		{CF4DEBCD-D5ED-55AD-65BA-883DEC0936C3}.Debug|Any CPU.Build.0 = Debug|Any CPU
		{CF4DEBCD-D5ED-55AD-65BA-883DEC0936C3}.Release|Any CPU.ActiveCfg = Release|Any CPU
		{CF4DEBCD-D5ED-55AD-65BA-883DEC0936C3}.Release|Any CPU.Build.0 = Release|Any CPU
		{10A4AFBA-381F-4C58-9A2B-49BEAFB330FE}.Debug|Any CPU.ActiveCfg = Debug|Any CPU
		{10A4AFBA-381F-4C58-9A2B-49BEAFB330FE}.Debug|Any CPU.Build.0 = Debug|Any CPU
		{10A4AFBA-381F-4C58-9A2B-49BEAFB330FE}.Release|Any CPU.ActiveCfg = Release|Any CPU
		{10A4AFBA-381F-4C58-9A2B-49BEAFB330FE}.Release|Any CPU.Build.0 = Release|Any CPU
		{98884C5B-E662-775F-09F1-B7665EE93DE7}.Debug|Any CPU.ActiveCfg = Debug|Any CPU
		{98884C5B-E662-775F-09F1-B7665EE93DE7}.Debug|Any CPU.Build.0 = Debug|Any CPU
		{98884C5B-E662-775F-09F1-B7665EE93DE7}.Release|Any CPU.ActiveCfg = Release|Any CPU
		{98884C5B-E662-775F-09F1-B7665EE93DE7}.Release|Any CPU.Build.0 = Release|Any CPU
		{885EBC12-5BE8-F831-42F5-547F5071F921}.Debug|Any CPU.ActiveCfg = Debug|Any CPU
		{885EBC12-5BE8-F831-42F5-547F5071F921}.Debug|Any CPU.Build.0 = Debug|Any CPU
		{885EBC12-5BE8-F831-42F5-547F5071F921}.Release|Any CPU.ActiveCfg = Release|Any CPU
		{885EBC12-5BE8-F831-42F5-547F5071F921}.Release|Any CPU.Build.0 = Release|Any CPU
		{62764691-9A79-1D94-15B3-152721AD2479}.Debug|Any CPU.ActiveCfg = Debug|Any CPU
		{62764691-9A79-1D94-15B3-152721AD2479}.Debug|Any CPU.Build.0 = Debug|Any CPU
		{62764691-9A79-1D94-15B3-152721AD2479}.Release|Any CPU.ActiveCfg = Release|Any CPU
		{62764691-9A79-1D94-15B3-152721AD2479}.Release|Any CPU.Build.0 = Release|Any CPU
		{72312595-5D58-9CCB-0E36-337B070C2F51}.Debug|Any CPU.ActiveCfg = Debug|Any CPU
		{72312595-5D58-9CCB-0E36-337B070C2F51}.Debug|Any CPU.Build.0 = Debug|Any CPU
		{72312595-5D58-9CCB-0E36-337B070C2F51}.Release|Any CPU.ActiveCfg = Release|Any CPU
		{72312595-5D58-9CCB-0E36-337B070C2F51}.Release|Any CPU.Build.0 = Release|Any CPU
		{55FA10DA-01EA-BA5D-2845-BE5268BDD8DE}.Debug|Any CPU.ActiveCfg = Debug|Any CPU
		{55FA10DA-01EA-BA5D-2845-BE5268BDD8DE}.Debug|Any CPU.Build.0 = Debug|Any CPU
		{55FA10DA-01EA-BA5D-2845-BE5268BDD8DE}.Release|Any CPU.ActiveCfg = Release|Any CPU
		{55FA10DA-01EA-BA5D-2845-BE5268BDD8DE}.Release|Any CPU.Build.0 = Release|Any CPU
		{05B44E0A-02CC-FFFE-7F7F-4AB491A607C1}.Debug|Any CPU.ActiveCfg = Debug|Any CPU
		{05B44E0A-02CC-FFFE-7F7F-4AB491A607C1}.Debug|Any CPU.Build.0 = Debug|Any CPU
		{05B44E0A-02CC-FFFE-7F7F-4AB491A607C1}.Release|Any CPU.ActiveCfg = Release|Any CPU
		{05B44E0A-02CC-FFFE-7F7F-4AB491A607C1}.Release|Any CPU.Build.0 = Release|Any CPU
		{61D0DE10-3C4E-D96B-1D7F-B381A8819318}.Debug|Any CPU.ActiveCfg = Debug|Any CPU
		{61D0DE10-3C4E-D96B-1D7F-B381A8819318}.Debug|Any CPU.Build.0 = Debug|Any CPU
		{61D0DE10-3C4E-D96B-1D7F-B381A8819318}.Release|Any CPU.ActiveCfg = Release|Any CPU
		{61D0DE10-3C4E-D96B-1D7F-B381A8819318}.Release|Any CPU.Build.0 = Release|Any CPU
		{429E554E-BD60-FE4C-6437-165D8EA078D4}.Debug|Any CPU.ActiveCfg = Debug|Any CPU
		{429E554E-BD60-FE4C-6437-165D8EA078D4}.Debug|Any CPU.Build.0 = Debug|Any CPU
		{429E554E-BD60-FE4C-6437-165D8EA078D4}.Release|Any CPU.ActiveCfg = Release|Any CPU
		{429E554E-BD60-FE4C-6437-165D8EA078D4}.Release|Any CPU.Build.0 = Release|Any CPU
		{1A9AF9F0-8DB4-B2BF-66C6-2800274A4342}.Debug|Any CPU.ActiveCfg = Debug|Any CPU
		{1A9AF9F0-8DB4-B2BF-66C6-2800274A4342}.Debug|Any CPU.Build.0 = Debug|Any CPU
		{1A9AF9F0-8DB4-B2BF-66C6-2800274A4342}.Release|Any CPU.ActiveCfg = Release|Any CPU
		{1A9AF9F0-8DB4-B2BF-66C6-2800274A4342}.Release|Any CPU.Build.0 = Release|Any CPU
		{03EEFB49-22A6-CB7A-6815-66420CC91BF3}.Debug|Any CPU.ActiveCfg = Debug|Any CPU
		{03EEFB49-22A6-CB7A-6815-66420CC91BF3}.Debug|Any CPU.Build.0 = Debug|Any CPU
		{03EEFB49-22A6-CB7A-6815-66420CC91BF3}.Release|Any CPU.ActiveCfg = Release|Any CPU
		{03EEFB49-22A6-CB7A-6815-66420CC91BF3}.Release|Any CPU.Build.0 = Release|Any CPU
		{FCE515F3-B0D9-096F-0008-E21A9A7739C1}.Debug|Any CPU.ActiveCfg = Debug|Any CPU
		{FCE515F3-B0D9-096F-0008-E21A9A7739C1}.Debug|Any CPU.Build.0 = Debug|Any CPU
		{FCE515F3-B0D9-096F-0008-E21A9A7739C1}.Release|Any CPU.ActiveCfg = Release|Any CPU
		{FCE515F3-B0D9-096F-0008-E21A9A7739C1}.Release|Any CPU.Build.0 = Release|Any CPU
		{1A57AE73-9B7A-A973-60E4-78906EEE338D}.Debug|Any CPU.ActiveCfg = Debug|Any CPU
		{1A57AE73-9B7A-A973-60E4-78906EEE338D}.Debug|Any CPU.Build.0 = Debug|Any CPU
		{1A57AE73-9B7A-A973-60E4-78906EEE338D}.Release|Any CPU.ActiveCfg = Release|Any CPU
		{1A57AE73-9B7A-A973-60E4-78906EEE338D}.Release|Any CPU.Build.0 = Release|Any CPU
		{C80876FE-D09C-D616-DEEA-754DFCDCA55E}.Debug|Any CPU.ActiveCfg = Debug|Any CPU
		{C80876FE-D09C-D616-DEEA-754DFCDCA55E}.Debug|Any CPU.Build.0 = Debug|Any CPU
		{C80876FE-D09C-D616-DEEA-754DFCDCA55E}.Release|Any CPU.ActiveCfg = Release|Any CPU
		{C80876FE-D09C-D616-DEEA-754DFCDCA55E}.Release|Any CPU.Build.0 = Release|Any CPU
		{88808E23-0300-3A36-E3A7-4098F8D061AF}.Debug|Any CPU.ActiveCfg = Debug|Any CPU
		{88808E23-0300-3A36-E3A7-4098F8D061AF}.Debug|Any CPU.Build.0 = Debug|Any CPU
		{88808E23-0300-3A36-E3A7-4098F8D061AF}.Release|Any CPU.ActiveCfg = Release|Any CPU
		{88808E23-0300-3A36-E3A7-4098F8D061AF}.Release|Any CPU.Build.0 = Release|Any CPU
		{14C40138-A2D1-761A-59F4-6DB4E7C9BE0D}.Debug|Any CPU.ActiveCfg = Debug|Any CPU
		{14C40138-A2D1-761A-59F4-6DB4E7C9BE0D}.Debug|Any CPU.Build.0 = Debug|Any CPU
		{14C40138-A2D1-761A-59F4-6DB4E7C9BE0D}.Release|Any CPU.ActiveCfg = Release|Any CPU
		{14C40138-A2D1-761A-59F4-6DB4E7C9BE0D}.Release|Any CPU.Build.0 = Release|Any CPU
		{48B8EB79-41B3-3F20-2FC9-720FCE7E88A8}.Debug|Any CPU.ActiveCfg = Debug|Any CPU
		{48B8EB79-41B3-3F20-2FC9-720FCE7E88A8}.Debug|Any CPU.Build.0 = Debug|Any CPU
		{48B8EB79-41B3-3F20-2FC9-720FCE7E88A8}.Release|Any CPU.ActiveCfg = Release|Any CPU
		{48B8EB79-41B3-3F20-2FC9-720FCE7E88A8}.Release|Any CPU.Build.0 = Release|Any CPU
		{4F2A765C-D50B-1353-780F-097C3B0E8DF3}.Debug|Any CPU.ActiveCfg = Debug|Any CPU
		{4F2A765C-D50B-1353-780F-097C3B0E8DF3}.Debug|Any CPU.Build.0 = Debug|Any CPU
		{4F2A765C-D50B-1353-780F-097C3B0E8DF3}.Release|Any CPU.ActiveCfg = Release|Any CPU
		{4F2A765C-D50B-1353-780F-097C3B0E8DF3}.Release|Any CPU.Build.0 = Release|Any CPU
		{9D2CFC9B-FB66-66E2-9983-92B8502FF68E}.Debug|Any CPU.ActiveCfg = Debug|Any CPU
		{9D2CFC9B-FB66-66E2-9983-92B8502FF68E}.Debug|Any CPU.Build.0 = Debug|Any CPU
		{9D2CFC9B-FB66-66E2-9983-92B8502FF68E}.Release|Any CPU.ActiveCfg = Release|Any CPU
		{9D2CFC9B-FB66-66E2-9983-92B8502FF68E}.Release|Any CPU.Build.0 = Release|Any CPU
		{B909C73F-B8A9-551F-E6ED-C59A36F2B321}.Debug|Any CPU.ActiveCfg = Debug|Any CPU
		{B909C73F-B8A9-551F-E6ED-C59A36F2B321}.Debug|Any CPU.Build.0 = Debug|Any CPU
		{B909C73F-B8A9-551F-E6ED-C59A36F2B321}.Release|Any CPU.ActiveCfg = Release|Any CPU
		{B909C73F-B8A9-551F-E6ED-C59A36F2B321}.Release|Any CPU.Build.0 = Release|Any CPU
	EndGlobalSection
	GlobalSection(SolutionProperties) = preSolution
		HideSolutionNode = FALSE
	EndGlobalSection
EndGlobal
